// !$*UTF8*$!
{
	archiveVersion = 1;
	classes = {
	};
	objectVersion = 48;
	objects = {

/* Begin PBXBuildFile section */
		D00C8B781FEF56910091C651 /* Base.lproj in Resources */ = {isa = PBXBuildFile; fileRef = D00C8B731FEF56910091C651 /* Base.lproj */; };
		D00C8B791FEF56910091C651 /* Stdcomments.swift in Sources */ = {isa = PBXBuildFile; fileRef = D00C8B741FEF56910091C651 /* Stdcomments.swift */; };
		D00C8B7A1FEF56910091C651 /* Empty.storyboard in Resources */ = {isa = PBXBuildFile; fileRef = D00C8B751FEF56910091C651 /* Empty.storyboard */; };
		D00C8B7B1FEF56910091C651 /* Assets.xcassets in Resources */ = {isa = PBXBuildFile; fileRef = D00C8B761FEF56910091C651 /* Assets.xcassets */; };
		D00C8B7F1FEF569C0091C651 /* ViewController.swift in Sources */ = {isa = PBXBuildFile; fileRef = D00C8B7D1FEF569C0091C651 /* ViewController.swift */; };
		D00C8B801FEF569C0091C651 /* AppDelegate.swift in Sources */ = {isa = PBXBuildFile; fileRef = D00C8B7E1FEF569C0091C651 /* AppDelegate.swift */; };
		D00C8B831FEF56AA0091C651 /* DataBackup.swift in Sources */ = {isa = PBXBuildFile; fileRef = D00C8B811FEF56AA0091C651 /* DataBackup.swift */; };
		D00C8B841FEF56AA0091C651 /* Globals.swift in Sources */ = {isa = PBXBuildFile; fileRef = D00C8B821FEF56AA0091C651 /* Globals.swift */; };
/* End PBXBuildFile section */

/* Begin PBXFileReference section */
		D00C8B731FEF56910091C651 /* Base.lproj */ = {isa = PBXFileReference; lastKnownFileType = folder; path = Base.lproj; sourceTree = "<group>"; };
		D00C8B741FEF56910091C651 /* Stdcomments.swift */ = {isa = PBXFileReference; fileEncoding = 4; lastKnownFileType = sourcecode.swift; path = Stdcomments.swift; sourceTree = "<group>"; };
		D00C8B751FEF56910091C651 /* Empty.storyboard */ = {isa = PBXFileReference; fileEncoding = 4; lastKnownFileType = file.storyboard; path = Empty.storyboard; sourceTree = "<group>"; };
		D00C8B761FEF56910091C651 /* Assets.xcassets */ = {isa = PBXFileReference; lastKnownFileType = folder.assetcatalog; path = Assets.xcassets; sourceTree = "<group>"; };
		D00C8B771FEF56910091C651 /* Info.plist */ = {isa = PBXFileReference; fileEncoding = 4; lastKnownFileType = text.plist.xml; path = Info.plist; sourceTree = "<group>"; };
		D00C8B7D1FEF569C0091C651 /* ViewController.swift */ = {isa = PBXFileReference; fileEncoding = 4; lastKnownFileType = sourcecode.swift; name = ViewController.swift; path = ../ViewController.swift; sourceTree = "<group>"; };
		D00C8B7E1FEF569C0091C651 /* AppDelegate.swift */ = {isa = PBXFileReference; fileEncoding = 4; lastKnownFileType = sourcecode.swift; name = AppDelegate.swift; path = ../AppDelegate.swift; sourceTree = "<group>"; };
		D00C8B811FEF56AA0091C651 /* DataBackup.swift */ = {isa = PBXFileReference; fileEncoding = 4; lastKnownFileType = sourcecode.swift; name = DataBackup.swift; path = ../Data/DataBackup.swift; sourceTree = "<group>"; };
		D00C8B821FEF56AA0091C651 /* Globals.swift */ = {isa = PBXFileReference; fileEncoding = 4; lastKnownFileType = sourcecode.swift; name = Globals.swift; path = ../Data/Globals.swift; sourceTree = "<group>"; };
		D039B4B61BF4D7950024005F /* 1_0 - Text File.app */ = {isa = PBXFileReference; explicitFileType = wrapper.application; includeInIndex = 0; path = "1_0 - Text File.app"; sourceTree = BUILT_PRODUCTS_DIR; };
/* End PBXFileReference section */

/* Begin PBXFrameworksBuildPhase section */
		D039B4B31BF4D7950024005F /* Frameworks */ = {
			isa = PBXFrameworksBuildPhase;
			buildActionMask = 2147483647;
			files = (
			);
			runOnlyForDeploymentPostprocessing = 0;
		};
/* End PBXFrameworksBuildPhase section */

/* Begin PBXGroup section */
		D039B4AD1BF4D7950024005F = {
			isa = PBXGroup;
			children = (
				D0DFAD1F1CB158BA00555B21 /* Base */,
				D0DFAD221CB159B100555B21 /* Data */,
				D00C8B7E1FEF569C0091C651 /* AppDelegate.swift */,
				D00C8B7D1FEF569C0091C651 /* ViewController.swift */,
			);
			sourceTree = "<group>";
		};
		D039B4B71BF4D7950024005F /* Products */ = {
			isa = PBXGroup;
			children = (
				D039B4B61BF4D7950024005F /* 1_0 - Text File.app */,
			);
			name = Products;
			sourceTree = "<group>";
		};
		D0DFAD1F1CB158BA00555B21 /* Base */ = {
			isa = PBXGroup;
			children = (
				D039B4B71BF4D7950024005F /* Products */,
				D00C8B761FEF56910091C651 /* Assets.xcassets */,
				D00C8B731FEF56910091C651 /* Base.lproj */,
				D00C8B771FEF56910091C651 /* Info.plist */,
				D00C8B751FEF56910091C651 /* Empty.storyboard */,
				D00C8B741FEF56910091C651 /* Stdcomments.swift */,
			);
			name = Base;
			sourceTree = "<group>";
		};
		D0DFAD221CB159B100555B21 /* Data */ = {
			isa = PBXGroup;
			children = (
				D00C8B811FEF56AA0091C651 /* DataBackup.swift */,
				D00C8B821FEF56AA0091C651 /* Globals.swift */,
			);
			name = Data;
			sourceTree = "<group>";
		};
/* End PBXGroup section */

/* Begin PBXNativeTarget section */
		D039B4B51BF4D7950024005F /* 1_0 - Text File */ = {
			isa = PBXNativeTarget;
			buildConfigurationList = D039B4C81BF4D7950024005F /* Build configuration list for PBXNativeTarget "1_0 - Text File" */;
			buildPhases = (
				D039B4B21BF4D7950024005F /* Sources */,
				D039B4B31BF4D7950024005F /* Frameworks */,
				D039B4B41BF4D7950024005F /* Resources */,
			);
			buildRules = (
			);
			dependencies = (
			);
			name = "1_0 - Text File";
			productName = "0_0 - Empty Template (Swift)";
			productReference = D039B4B61BF4D7950024005F /* 1_0 - Text File.app */;
			productType = "com.apple.product-type.application";
		};
/* End PBXNativeTarget section */

/* Begin PBXProject section */
		D039B4AE1BF4D7950024005F /* Project object */ = {
			isa = PBXProject;
			attributes = {
				LastSwiftUpdateCheck = 0710;
				LastUpgradeCheck = 0910;
				ORGANIZATIONNAME = Jaostech;
				TargetAttributes = {
					D039B4B51BF4D7950024005F = {
						CreatedOnToolsVersion = 7.1;
						DevelopmentTeam = HRCQBX7PVQ;
						LastSwiftMigration = 0910;
					};
				};
			};
			buildConfigurationList = D039B4B11BF4D7950024005F /* Build configuration list for PBXProject "1_0 - Text File" */;
			compatibilityVersion = "Xcode 8.0";
			developmentRegion = English;
			hasScannedForEncodings = 0;
			knownRegions = (
				en,
				Base,
			);
			mainGroup = D039B4AD1BF4D7950024005F;
			productRefGroup = D039B4B71BF4D7950024005F /* Products */;
			projectDirPath = "";
			projectRoot = "";
			targets = (
				D039B4B51BF4D7950024005F /* 1_0 - Text File */,
			);
		};
/* End PBXProject section */

/* Begin PBXResourcesBuildPhase section */
		D039B4B41BF4D7950024005F /* Resources */ = {
			isa = PBXResourcesBuildPhase;
			buildActionMask = 2147483647;
			files = (
				D00C8B7A1FEF56910091C651 /* Empty.storyboard in Resources */,
				D00C8B7B1FEF56910091C651 /* Assets.xcassets in Resources */,
				D00C8B781FEF56910091C651 /* Base.lproj in Resources */,
			);
			runOnlyForDeploymentPostprocessing = 0;
		};
/* End PBXResourcesBuildPhase section */

/* Begin PBXSourcesBuildPhase section */
		D039B4B21BF4D7950024005F /* Sources */ = {
			isa = PBXSourcesBuildPhase;
			buildActionMask = 2147483647;
			files = (
				D00C8B7F1FEF569C0091C651 /* ViewController.swift in Sources */,
				D00C8B831FEF56AA0091C651 /* DataBackup.swift in Sources */,
				D00C8B791FEF56910091C651 /* Stdcomments.swift in Sources */,
				D00C8B801FEF569C0091C651 /* AppDelegate.swift in Sources */,
				D00C8B841FEF56AA0091C651 /* Globals.swift in Sources */,
			);
			runOnlyForDeploymentPostprocessing = 0;
		};
/* End PBXSourcesBuildPhase section */

/* Begin XCBuildConfiguration section */
		D039B4C61BF4D7950024005F /* Debug */ = {
			isa = XCBuildConfiguration;
			buildSettings = {
				ALWAYS_SEARCH_USER_PATHS = NO;
				CLANG_CXX_LANGUAGE_STANDARD = "gnu++0x";
				CLANG_CXX_LIBRARY = "libc++";
				CLANG_ENABLE_MODULES = YES;
				CLANG_ENABLE_OBJC_ARC = YES;
				CLANG_WARN_BLOCK_CAPTURE_AUTORELEASING = YES;
				CLANG_WARN_BOOL_CONVERSION = YES;
				CLANG_WARN_COMMA = YES;
				CLANG_WARN_CONSTANT_CONVERSION = YES;
				CLANG_WARN_DIRECT_OBJC_ISA_USAGE = YES_ERROR;
				CLANG_WARN_EMPTY_BODY = YES;
				CLANG_WARN_ENUM_CONVERSION = YES;
				CLANG_WARN_INFINITE_RECURSION = YES;
				CLANG_WARN_INT_CONVERSION = YES;
				CLANG_WARN_NON_LITERAL_NULL_CONVERSION = YES;
				CLANG_WARN_OBJC_LITERAL_CONVERSION = YES;
				CLANG_WARN_OBJC_ROOT_CLASS = YES_ERROR;
				CLANG_WARN_RANGE_LOOP_ANALYSIS = YES;
				CLANG_WARN_STRICT_PROTOTYPES = YES;
				CLANG_WARN_SUSPICIOUS_MOVE = YES;
				CLANG_WARN_UNREACHABLE_CODE = YES;
				CLANG_WARN__DUPLICATE_METHOD_MATCH = YES;
				"CODE_SIGN_IDENTITY[sdk=iphoneos*]" = "iPhone Developer";
				COPY_PHASE_STRIP = NO;
				DEBUG_INFORMATION_FORMAT = dwarf;
				ENABLE_STRICT_OBJC_MSGSEND = YES;
				ENABLE_TESTABILITY = YES;
				GCC_C_LANGUAGE_STANDARD = gnu99;
				GCC_DYNAMIC_NO_PIC = NO;
				GCC_NO_COMMON_BLOCKS = YES;
				GCC_OPTIMIZATION_LEVEL = 0;
				GCC_PREPROCESSOR_DEFINITIONS = (
					"DEBUG=1",
					"$(inherited)",
				);
				GCC_WARN_64_TO_32_BIT_CONVERSION = YES;
				GCC_WARN_ABOUT_RETURN_TYPE = YES_ERROR;
				GCC_WARN_UNDECLARED_SELECTOR = YES;
				GCC_WARN_UNINITIALIZED_AUTOS = YES_AGGRESSIVE;
				GCC_WARN_UNUSED_FUNCTION = YES;
				GCC_WARN_UNUSED_VARIABLE = YES;
				IPHONEOS_DEPLOYMENT_TARGET = 9.1;
				MTL_ENABLE_DEBUG_INFO = YES;
				ONLY_ACTIVE_ARCH = YES;
				SDKROOT = iphoneos;
				SWIFT_OPTIMIZATION_LEVEL = "-Onone";
			};
			name = Debug;
		};
		D039B4C71BF4D7950024005F /* Release */ = {
			isa = XCBuildConfiguration;
			buildSettings = {
				ALWAYS_SEARCH_USER_PATHS = NO;
				CLANG_CXX_LANGUAGE_STANDARD = "gnu++0x";
				CLANG_CXX_LIBRARY = "libc++";
				CLANG_ENABLE_MODULES = YES;
				CLANG_ENABLE_OBJC_ARC = YES;
				CLANG_WARN_BLOCK_CAPTURE_AUTORELEASING = YES;
				CLANG_WARN_BOOL_CONVERSION = YES;
				CLANG_WARN_COMMA = YES;
				CLANG_WARN_CONSTANT_CONVERSION = YES;
				CLANG_WARN_DIRECT_OBJC_ISA_USAGE = YES_ERROR;
				CLANG_WARN_EMPTY_BODY = YES;
				CLANG_WARN_ENUM_CONVERSION = YES;
				CLANG_WARN_INFINITE_RECURSION = YES;
				CLANG_WARN_INT_CONVERSION = YES;
				CLANG_WARN_NON_LITERAL_NULL_CONVERSION = YES;
				CLANG_WARN_OBJC_LITERAL_CONVERSION = YES;
				CLANG_WARN_OBJC_ROOT_CLASS = YES_ERROR;
				CLANG_WARN_RANGE_LOOP_ANALYSIS = YES;
				CLANG_WARN_STRICT_PROTOTYPES = YES;
				CLANG_WARN_SUSPICIOUS_MOVE = YES;
				CLANG_WARN_UNREACHABLE_CODE = YES;
				CLANG_WARN__DUPLICATE_METHOD_MATCH = YES;
				"CODE_SIGN_IDENTITY[sdk=iphoneos*]" = "iPhone Developer";
				COPY_PHASE_STRIP = NO;
				DEBUG_INFORMATION_FORMAT = "dwarf-with-dsym";
				ENABLE_NS_ASSERTIONS = NO;
				ENABLE_STRICT_OBJC_MSGSEND = YES;
				GCC_C_LANGUAGE_STANDARD = gnu99;
				GCC_NO_COMMON_BLOCKS = YES;
				GCC_WARN_64_TO_32_BIT_CONVERSION = YES;
				GCC_WARN_ABOUT_RETURN_TYPE = YES_ERROR;
				GCC_WARN_UNDECLARED_SELECTOR = YES;
				GCC_WARN_UNINITIALIZED_AUTOS = YES_AGGRESSIVE;
				GCC_WARN_UNUSED_FUNCTION = YES;
				GCC_WARN_UNUSED_VARIABLE = YES;
				IPHONEOS_DEPLOYMENT_TARGET = 9.1;
				MTL_ENABLE_DEBUG_INFO = NO;
				SDKROOT = iphoneos;
				SWIFT_OPTIMIZATION_LEVEL = "-Owholemodule";
				VALIDATE_PRODUCT = YES;
			};
			name = Release;
		};
		D039B4C91BF4D7950024005F /* Debug */ = {
			isa = XCBuildConfiguration;
			buildSettings = {
				ASSETCATALOG_COMPILER_APPICON_NAME = AppIcon;
				CODE_SIGN_IDENTITY = "iPhone Developer";
				INFOPLIST_FILE = "$(SRCROOT)/Info.plist";
				IPHONEOS_DEPLOYMENT_TARGET = 11.2;
				LD_RUNPATH_SEARCH_PATHS = "$(inherited) @executable_path/Frameworks";
				PRODUCT_BUNDLE_IDENTIFIER = "com.jaostech.text-file";
				PRODUCT_NAME = "$(TARGET_NAME)";
				SWIFT_VERSION = 4.0;
			};
			name = Debug;
		};
		D039B4CA1BF4D7950024005F /* Release */ = {
			isa = XCBuildConfiguration;
			buildSettings = {
				ASSETCATALOG_COMPILER_APPICON_NAME = AppIcon;
				CODE_SIGN_IDENTITY = "iPhone Developer";
				INFOPLIST_FILE = "$(SRCROOT)/Info.plist";
				IPHONEOS_DEPLOYMENT_TARGET = 11.2;
				LD_RUNPATH_SEARCH_PATHS = "$(inherited) @executable_path/Frameworks";
				PRODUCT_BUNDLE_IDENTIFIER = "com.jaostech.text-file";
				PRODUCT_NAME = "$(TARGET_NAME)";
				SWIFT_VERSION = 4.0;
			};
			name = Release;
		};
/* End XCBuildConfiguration section */

/* Begin XCConfigurationList section */
		D039B4B11BF4D7950024005F /* Build configuration list for PBXProject "1_0 - Text File" */ = {
			isa = XCConfigurationList;
			buildConfigurations = (
				D039B4C61BF4D7950024005F /* Debug */,
				D039B4C71BF4D7950024005F /* Release */,
			);
			defaultConfigurationIsVisible = 0;
			defaultConfigurationName = Release;
		};
		D039B4C81BF4D7950024005F /* Build configuration list for PBXNativeTarget "1_0 - Text File" */ = {
			isa = XCConfigurationList;
			buildConfigurations = (
				D039B4C91BF4D7950024005F /* Debug */,
				D039B4CA1BF4D7950024005F /* Release */,
			);
			defaultConfigurationIsVisible = 0;
			defaultConfigurationName = Release;
		};
/* End XCConfigurationList section */
	};
	rootObject = D039B4AE1BF4D7950024005F /* Project object */;
}
